{
  "name": "extract-country-state-city-from-zip1",
  "version": "1.0.2",
  "lockfileVersion": 1,
  "requires": true,
  "dependencies": {
    "extract-country-state-city-from-zip": {
      "version": "1.0.1",
      "resolved": "https://registry.npmjs.org/extract-country-state-city-from-zip/-/extract-country-state-city-from-zip-1.0.1.tgz",
      "integrity": "sha512-lfKZWvlSCcbuG8j6sfOIDrNjquaP/Zqakb7RVXpaQDflP9eAb7davvskpe6/r5coVtn8+k1YDGvG7/3OvBfvIA==",
      "requires": {
        "extract-country-state-city-from-zip": "^1.0.0",
        "node-fetch": "^2.6.0"
      }
    },
    "node-fetch": {
      "version": "2.6.0",
      "resolved": "https://registry.npmjs.org/node-fetch/-/node-fetch-2.6.0.tgz",
      "integrity": "sha512-8dG4H5ujfvFiqDmVu9fQ5bOHUC15JMjMY/Zumv26oOvvVJjM67KF8koCWIabKQ1GJIa9r2mMZscBq/TbdOcmNA=="
    }
  }
}
